
Microsoft Visual Studio Solution File, Format Version 12.00
# Visual Studio Version 17
VisualStudioVersion = 17.12.35527.113
MinimumVisualStudioVersion = 10.0.40219.1
Project("{2150E333-8FDC-42A3-9474-1A3956D46DE8}") = "mock", "mock", "{B1B5085C-0DFC-41B3-BD97-FBA5AC6CDD9C}"
EndProject
Project("{FAE04EC0-301F-11D3-BF4B-00C04F79EFBC}") = "UKHO.ADDS.EFS.LocalHost", "src\UKHO.ADDS.EFS.LocalHost\UKHO.ADDS.EFS.LocalHost.csproj", "{5CDB6975-17E1-44B0-B162-8D5AE69ED447}"
EndProject
Project("{FAE04EC0-301F-11D3-BF4B-00C04F79EFBC}") = "UKHO.ADDS.EFS.Orchestrator", "src\UKHO.ADDS.EFS.Orchestrator\UKHO.ADDS.EFS.Orchestrator.csproj", "{DF07C7FB-7A1D-4252-A985-279CE521A604}"
EndProject
Project("{2150E333-8FDC-42A3-9474-1A3956D46DE8}") = "Builder-Containers", "Builder-Containers", "{28CCD968-0171-429E-A2AA-0ECCA9B1CB81}"
EndProject
Project("{FAE04EC0-301F-11D3-BF4B-00C04F79EFBC}") = "UKHO.ADDS.EFS.Builder.S100", "src\UKHO.ADDS.EFS.Builder.S100\UKHO.ADDS.EFS.Builder.S100.csproj", "{3B3D8EFA-3B64-48DD-8EBD-70F9F91B7AF1}"
EndProject
Project("{FAE04EC0-301F-11D3-BF4B-00C04F79EFBC}") = "UKHO.ADDS.EFS.Domain", "src\UKHO.ADDS.EFS.Domain\UKHO.ADDS.EFS.Domain.csproj", "{E7EA95C6-66B2-4397-806C-8C481AECCFA8}"
EndProject
Project("{FAE04EC0-301F-11D3-BF4B-00C04F79EFBC}") = "UKHO.ADDS.EFS.Aspire", "src\UKHO.ADDS.EFS.Aspire\UKHO.ADDS.EFS.Aspire.csproj", "{0901A018-54E7-4E52-B5FF-36F1B249ABDD}"
EndProject
Project("{2150E333-8FDC-42A3-9474-1A3956D46DE8}") = "@test", "@test", "{02EA681E-C7D8-13C7-8484-4AC65E1B71E8}"
EndProject
Project("{FAE04EC0-301F-11D3-BF4B-00C04F79EFBC}") = "UKHO.ADDS.EFS.Orchestrator.UnitTests", "test\UKHO.ADDS.EFS.Orchestrator.UnitTests\UKHO.ADDS.EFS.Orchestrator.UnitTests.csproj", "{E9C65DB6-CA61-47AE-809F-A4B61CE700CC}"
EndProject
Project("{FAE04EC0-301F-11D3-BF4B-00C04F79EFBC}") = "UKHO.ADDS.EFS.Builder.S100.UnitTests", "test\UKHO.ADDS.EFS.Builder.S100.UnitTests\UKHO.ADDS.EFS.Builder.S100.UnitTests.csproj", "{3333E3FA-F750-712F-23C3-A5B329B131A9}"
EndProject
Project("{FAE04EC0-301F-11D3-BF4B-00C04F79EFBC}") = "UKHO.ADDS.EFS.Analyzers", "src\UKHO.ADDS.EFS.Analyzers\UKHO.ADDS.EFS.Analyzers.csproj", "{9DF502F0-3E8E-4CBD-848F-5B9EDAC295A0}"
EndProject
Project("{FAE04EC0-301F-11D3-BF4B-00C04F79EFBC}") = "UKHO.ADDS.Mocks", "mock\repo\src\UKHO.ADDS.Mocks\UKHO.ADDS.Mocks.csproj", "{FF9E2AB7-4C26-4704-AB5A-12D7F020CA14}"
EndProject
Project("{FAE04EC0-301F-11D3-BF4B-00C04F79EFBC}") = "UKHO.ADDS.Mocks.EFS", "mock\UKHO.ADDS.Mocks.EFS\UKHO.ADDS.Mocks.EFS.csproj", "{4BCD3265-9E01-4C63-AD51-EBF66FCC84F8}"
EndProject
Project("{FAE04EC0-301F-11D3-BF4B-00C04F79EFBC}") = "UKHO.ADDS.Mocks.Client", "mock\repo\src\UKHO.ADDS.Mocks.Client\UKHO.ADDS.Mocks.Client.csproj", "{D5824B04-54C0-4F20-9AE8-FBCD2A54CFCE}"
EndProject
Project("{FAE04EC0-301F-11D3-BF4B-00C04F79EFBC}") = "UKHO.ADDS.EFS.Domain.UnitTests", "test\UKHO.ADDS.EFS.Domain.UnitTests\UKHO.ADDS.EFS.Domain.UnitTests.csproj", "{4E72C947-B9DE-6884-DFB0-97F7D0D5C1C4}"
EndProject
Project("{FAE04EC0-301F-11D3-BF4B-00C04F79EFBC}") = "UKHO.ADDS.EFS.BuildRequestMonitor", "src\UKHO.ADDS.EFS.BuildRequestMonitor\UKHO.ADDS.EFS.BuildRequestMonitor.csproj", "{10D46CF7-68C3-A26D-9343-8EA766755D57}"
EndProject
Project("{FAE04EC0-301F-11D3-BF4B-00C04F79EFBC}") = "UKHO.ADDS.EFS.Builder.Common", "src\UKHO.ADDS.EFS.Builder.Common\UKHO.ADDS.EFS.Builder.Common.csproj", "{63C373B6-4D23-77C4-BEB2-1AF02C656717}"
EndProject
Project("{FAE04EC0-301F-11D3-BF4B-00C04F79EFBC}") = "UKHO.ADDS.EFS.Builder.S57", "src\UKHO.ADDS.EFS.Builder.S57\UKHO.ADDS.EFS.Builder.S57.csproj", "{73AF950A-0C60-2910-678B-1D567743CC51}"
EndProject
Project("{FAE04EC0-301F-11D3-BF4B-00C04F79EFBC}") = "UKHO.ADDS.EFS.Builder.S63", "src\UKHO.ADDS.EFS.Builder.S63\UKHO.ADDS.EFS.Builder.S63.csproj", "{DADC84EE-B892-0322-75AE-EC4760D2CB5F}"
EndProject
Project("{2150E333-8FDC-42A3-9474-1A3956D46DE8}") = "configuration", "configuration", "{C66F201B-043E-45A0-B347-4ADCBDC730B2}"
	ProjectSection(SolutionItems) = preProject
		configuration\configuration.json = configuration\configuration.json
		configuration\external-services.json = configuration\external-services.json
	EndProjectSection
EndProject
Project("{FAE04EC0-301F-11D3-BF4B-00C04F79EFBC}") = "UKHO.ADDS.Aspire.Configuration", "configuration\UKHO.ADDS.Aspire.Configuration\UKHO.ADDS.Aspire.Configuration.csproj", "{CCFB2E09-AD4A-C0BA-D970-7658A1D7C1CD}"
EndProject
Project("{FAE04EC0-301F-11D3-BF4B-00C04F79EFBC}") = "UKHO.ADDS.Aspire.Configuration.Emulator", "configuration\UKHO.ADDS.Aspire.Configuration.Emulator\UKHO.ADDS.Aspire.Configuration.Emulator.csproj", "{60A72FDE-1355-8B31-3914-62B9CA63593D}"
EndProject
Project("{FAE04EC0-301F-11D3-BF4B-00C04F79EFBC}") = "UKHO.ADDS.Aspire.Configuration.Hosting", "configuration\UKHO.ADDS.Aspire.Configuration.Hosting\UKHO.ADDS.Aspire.Configuration.Hosting.csproj", "{456B7CEA-4777-9C8B-21F5-261E5F84A11A}"
EndProject
Project("{FAE04EC0-301F-11D3-BF4B-00C04F79EFBC}") = "UKHO.ADDS.Aspire.Configuration.Seeder", "configuration\UKHO.ADDS.Aspire.Configuration.Seeder\UKHO.ADDS.Aspire.Configuration.Seeder.csproj", "{68375CE9-2CBA-78CF-BFDD-95D1D83B2B37}"
EndProject
Project("{2150E333-8FDC-42A3-9474-1A3956D46DE8}") = "@tests", "@tests", "{BEDE0556-12CC-4162-933C-17669ED60DF3}"
EndProject
Project("{FAE04EC0-301F-11D3-BF4B-00C04F79EFBC}") = "UKHO.ADDS.Aspire.Configuration.Emulator.Tests", "configuration\tests\UKHO.ADDS.Aspire.Configuration.Emulator.Tests\UKHO.ADDS.Aspire.Configuration.Emulator.Tests.csproj", "{DFB2BB80-1B7C-CDBF-20BB-67446078EF80}"
EndProject
Project("{FAE04EC0-301F-11D3-BF4B-00C04F79EFBC}") = "UKHO.ADDS.Aspire.Configuration.Seeder.Tests", "configuration\tests\UKHO.ADDS.Aspire.Configuration.Seeder.Tests\UKHO.ADDS.Aspire.Configuration.Seeder.Tests.csproj", "{B7B8B0ED-B071-40EA-4CF8-D9009146DC07}"
EndProject
Project("{FAE04EC0-301F-11D3-BF4B-00C04F79EFBC}") = "UKHO.ADDS.EFS.FunctionalTests", "test\UKHO.ADDS.EFS.FunctionalTests\UKHO.ADDS.EFS.FunctionalTests.csproj", "{3594C141-944E-F19C-CC69-B64533CF54A1}"
EndProject
Project("{FAE04EC0-301F-11D3-BF4B-00C04F79EFBC}") = "UKHO.ADDS.EFS.EndToEndTests", "test\UKHO.ADDS.EFS.EndToEndTests\UKHO.ADDS.EFS.EndToEndTests.csproj", "{963C5AF5-D718-2DAF-1BA2-E3442490BB98}"
EndProject
Project("{2150E333-8FDC-42A3-9474-1A3956D46DE8}") = "clients", "clients", "{45839D8F-ECD0-4D17-B9C4-F57E66D72CF2}"
EndProject
Project("{FAE04EC0-301F-11D3-BF4B-00C04F79EFBC}") = "UKHO.ADDS.Clients.Common", "src\UKHO.ADDS.Clients.Common\UKHO.ADDS.Clients.Common.csproj", "{578ABB09-B51E-9C00-6BCE-2286C6F192D3}"
EndProject
Project("{FAE04EC0-301F-11D3-BF4B-00C04F79EFBC}") = "UKHO.ADDS.Clients.SalesCatalogueService", "src\UKHO.ADDS.Clients.SalesCatalogueService\UKHO.ADDS.Clients.SalesCatalogueService.csproj", "{3A5B3171-A0C6-8201-BE7B-9E7325585D53}"
EndProject
Project("{FAE04EC0-301F-11D3-BF4B-00C04F79EFBC}") = "UKHO.ADDS.Clients.FileShareService.ReadOnly", "src\UKHO.ADDS.Clients.FileShareService.ReadOnly\UKHO.ADDS.Clients.FileShareService.ReadOnly.csproj", "{EE3F4B25-FD3F-C504-1963-C05286D4FDC2}"
EndProject
Project("{FAE04EC0-301F-11D3-BF4B-00C04F79EFBC}") = "UKHO.ADDS.Clients.FileShareService.ReadWrite", "src\UKHO.ADDS.Clients.FileShareService.ReadWrite\UKHO.ADDS.Clients.FileShareService.ReadWrite.csproj", "{B73F0E9D-1AD7-F299-5DBE-643A5A8D9054}"
EndProject
Project("{FAE04EC0-301F-11D3-BF4B-00C04F79EFBC}") = "UKHO.ADDS.EFS.Domain.Services", "src\UKHO.ADDS.EFS.Domain.Services\UKHO.ADDS.EFS.Domain.Services.csproj", "{F61FC272-DC78-4CE3-96BA-118ED3BF95A4}"
EndProject
Project("{FAE04EC0-301F-11D3-BF4B-00C04F79EFBC}") = "UKHO.ADDS.EFS.UnitTests", "test\UKHO.ADDS.EFS.UnitTests\UKHO.ADDS.EFS.UnitTests.csproj", "{08402401-483A-44DA-9F9A-67D53A4D56D1}"
EndProject
Project("{FAE04EC0-301F-11D3-BF4B-00C04F79EFBC}") = "UKHO.ADDS.EFS.Domain.Services.UnitTests", "test\UKHO.ADDS.EFS.Domain.Services.UnitTests\UKHO.ADDS.EFS.Domain.Services.UnitTests.csproj", "{0D351F4E-85FB-47F3-8483-4212E98FDAEC}"
EndProject
Project("{2150E333-8FDC-42A3-9474-1A3956D46DE8}") = "@external", "@external", "{B07AB14C-AE63-49DA-BA12-624ED38F0A46}"
EndProject
Project("{2150E333-8FDC-42A3-9474-1A3956D46DE8}") = "00 Domain", "00 Domain", "{35F81B4B-4DC5-4A77-9311-05C9EC94A479}"
EndProject
Project("{2150E333-8FDC-42A3-9474-1A3956D46DE8}") = "01 Infrastructure", "01 Infrastructure", "{34BE3981-7F32-47A9-BDD4-8F178B17944D}"
EndProject
Project("{2150E333-8FDC-42A3-9474-1A3956D46DE8}") = "02 Services", "02 Services", "{B1152A90-D15B-420A-9E86-2F7EC4ED1A0D}"
EndProject
Project("{2150E333-8FDC-42A3-9474-1A3956D46DE8}") = "Local", "Local", "{110E46C6-78C6-4B0A-90A5-CBBA9D81D519}"
EndProject
Project("{2150E333-8FDC-42A3-9474-1A3956D46DE8}") = "Tests", "Tests", "{C0F6F6C5-0415-42A9-9236-C765B64B8ACD}"
EndProject
Project("{2150E333-8FDC-42A3-9474-1A3956D46DE8}") = "Tests", "Tests", "{865D0E60-A2AD-4282-800F-E8EC8E830909}"
EndProject
Project("{FAE04EC0-301F-11D3-BF4B-00C04F79EFBC}") = "UKHO.ADDS.EFS.Infrastructure", "src\UKHO.ADDS.EFS.Infrastructure\UKHO.ADDS.EFS.Infrastructure.csproj", "{98BA7F6C-FDAA-4308-AB0D-497FFF0B46DA}"
EndProject
Project("{2150E333-8FDC-42A3-9474-1A3956D46DE8}") = "Tests", "Tests", "{089DB635-7F76-47F4-A29E-165AFF3B8098}"
EndProject
Project("{FAE04EC0-301F-11D3-BF4B-00C04F79EFBC}") = "UKHO.ADDS.EFS.Infrastructure.UnitTests", "test\UKHO.ADDS.EFS.Infrastructure.UnitTests\UKHO.ADDS.EFS.Infrastructure.UnitTests.csproj", "{C312615B-D3C5-4F4A-BA91-CFFD414947F7}"
EndProject
Global
	GlobalSection(SolutionConfigurationPlatforms) = preSolution
		Debug|Any CPU = Debug|Any CPU
		Release|Any CPU = Release|Any CPU
	EndGlobalSection
	GlobalSection(ProjectConfigurationPlatforms) = postSolution
		{5CDB6975-17E1-44B0-B162-8D5AE69ED447}.Debug|Any CPU.ActiveCfg = Debug|Any CPU
		{5CDB6975-17E1-44B0-B162-8D5AE69ED447}.Debug|Any CPU.Build.0 = Debug|Any CPU
		{5CDB6975-17E1-44B0-B162-8D5AE69ED447}.Release|Any CPU.ActiveCfg = Release|Any CPU
		{5CDB6975-17E1-44B0-B162-8D5AE69ED447}.Release|Any CPU.Build.0 = Release|Any CPU
		{DF07C7FB-7A1D-4252-A985-279CE521A604}.Debug|Any CPU.ActiveCfg = Debug|Any CPU
		{DF07C7FB-7A1D-4252-A985-279CE521A604}.Debug|Any CPU.Build.0 = Debug|Any CPU
		{DF07C7FB-7A1D-4252-A985-279CE521A604}.Release|Any CPU.ActiveCfg = Release|Any CPU
		{DF07C7FB-7A1D-4252-A985-279CE521A604}.Release|Any CPU.Build.0 = Release|Any CPU
		{3B3D8EFA-3B64-48DD-8EBD-70F9F91B7AF1}.Debug|Any CPU.ActiveCfg = Debug|Any CPU
		{3B3D8EFA-3B64-48DD-8EBD-70F9F91B7AF1}.Debug|Any CPU.Build.0 = Debug|Any CPU
		{3B3D8EFA-3B64-48DD-8EBD-70F9F91B7AF1}.Release|Any CPU.ActiveCfg = Release|Any CPU
		{3B3D8EFA-3B64-48DD-8EBD-70F9F91B7AF1}.Release|Any CPU.Build.0 = Release|Any CPU
		{E7EA95C6-66B2-4397-806C-8C481AECCFA8}.Debug|Any CPU.ActiveCfg = Debug|Any CPU
		{E7EA95C6-66B2-4397-806C-8C481AECCFA8}.Debug|Any CPU.Build.0 = Debug|Any CPU
		{E7EA95C6-66B2-4397-806C-8C481AECCFA8}.Release|Any CPU.ActiveCfg = Release|Any CPU
		{E7EA95C6-66B2-4397-806C-8C481AECCFA8}.Release|Any CPU.Build.0 = Release|Any CPU
		{0901A018-54E7-4E52-B5FF-36F1B249ABDD}.Debug|Any CPU.ActiveCfg = Debug|Any CPU
		{0901A018-54E7-4E52-B5FF-36F1B249ABDD}.Debug|Any CPU.Build.0 = Debug|Any CPU
		{0901A018-54E7-4E52-B5FF-36F1B249ABDD}.Release|Any CPU.ActiveCfg = Release|Any CPU
		{0901A018-54E7-4E52-B5FF-36F1B249ABDD}.Release|Any CPU.Build.0 = Release|Any CPU
		{E9C65DB6-CA61-47AE-809F-A4B61CE700CC}.Debug|Any CPU.ActiveCfg = Debug|Any CPU
		{E9C65DB6-CA61-47AE-809F-A4B61CE700CC}.Debug|Any CPU.Build.0 = Debug|Any CPU
		{E9C65DB6-CA61-47AE-809F-A4B61CE700CC}.Release|Any CPU.ActiveCfg = Release|Any CPU
		{E9C65DB6-CA61-47AE-809F-A4B61CE700CC}.Release|Any CPU.Build.0 = Release|Any CPU
		{3333E3FA-F750-712F-23C3-A5B329B131A9}.Debug|Any CPU.ActiveCfg = Debug|Any CPU
		{3333E3FA-F750-712F-23C3-A5B329B131A9}.Debug|Any CPU.Build.0 = Debug|Any CPU
		{3333E3FA-F750-712F-23C3-A5B329B131A9}.Release|Any CPU.ActiveCfg = Release|Any CPU
		{3333E3FA-F750-712F-23C3-A5B329B131A9}.Release|Any CPU.Build.0 = Release|Any CPU
		{9DF502F0-3E8E-4CBD-848F-5B9EDAC295A0}.Debug|Any CPU.ActiveCfg = Debug|Any CPU
		{9DF502F0-3E8E-4CBD-848F-5B9EDAC295A0}.Debug|Any CPU.Build.0 = Debug|Any CPU
		{9DF502F0-3E8E-4CBD-848F-5B9EDAC295A0}.Release|Any CPU.ActiveCfg = Release|Any CPU
		{9DF502F0-3E8E-4CBD-848F-5B9EDAC295A0}.Release|Any CPU.Build.0 = Release|Any CPU
		{FF9E2AB7-4C26-4704-AB5A-12D7F020CA14}.Debug|Any CPU.ActiveCfg = Debug|Any CPU
		{FF9E2AB7-4C26-4704-AB5A-12D7F020CA14}.Debug|Any CPU.Build.0 = Debug|Any CPU
		{FF9E2AB7-4C26-4704-AB5A-12D7F020CA14}.Release|Any CPU.ActiveCfg = Release|Any CPU
		{FF9E2AB7-4C26-4704-AB5A-12D7F020CA14}.Release|Any CPU.Build.0 = Release|Any CPU
		{4BCD3265-9E01-4C63-AD51-EBF66FCC84F8}.Debug|Any CPU.ActiveCfg = Debug|Any CPU
		{4BCD3265-9E01-4C63-AD51-EBF66FCC84F8}.Debug|Any CPU.Build.0 = Debug|Any CPU
		{4BCD3265-9E01-4C63-AD51-EBF66FCC84F8}.Release|Any CPU.ActiveCfg = Release|Any CPU
		{4BCD3265-9E01-4C63-AD51-EBF66FCC84F8}.Release|Any CPU.Build.0 = Release|Any CPU
		{D5824B04-54C0-4F20-9AE8-FBCD2A54CFCE}.Debug|Any CPU.ActiveCfg = Debug|Any CPU
		{D5824B04-54C0-4F20-9AE8-FBCD2A54CFCE}.Debug|Any CPU.Build.0 = Debug|Any CPU
		{D5824B04-54C0-4F20-9AE8-FBCD2A54CFCE}.Release|Any CPU.ActiveCfg = Release|Any CPU
		{D5824B04-54C0-4F20-9AE8-FBCD2A54CFCE}.Release|Any CPU.Build.0 = Release|Any CPU
		{4E72C947-B9DE-6884-DFB0-97F7D0D5C1C4}.Debug|Any CPU.ActiveCfg = Debug|Any CPU
		{4E72C947-B9DE-6884-DFB0-97F7D0D5C1C4}.Debug|Any CPU.Build.0 = Debug|Any CPU
		{4E72C947-B9DE-6884-DFB0-97F7D0D5C1C4}.Release|Any CPU.ActiveCfg = Release|Any CPU
		{4E72C947-B9DE-6884-DFB0-97F7D0D5C1C4}.Release|Any CPU.Build.0 = Release|Any CPU
		{10D46CF7-68C3-A26D-9343-8EA766755D57}.Debug|Any CPU.ActiveCfg = Debug|Any CPU
		{10D46CF7-68C3-A26D-9343-8EA766755D57}.Debug|Any CPU.Build.0 = Debug|Any CPU
		{10D46CF7-68C3-A26D-9343-8EA766755D57}.Release|Any CPU.ActiveCfg = Release|Any CPU
		{10D46CF7-68C3-A26D-9343-8EA766755D57}.Release|Any CPU.Build.0 = Release|Any CPU
		{63C373B6-4D23-77C4-BEB2-1AF02C656717}.Debug|Any CPU.ActiveCfg = Debug|Any CPU
		{63C373B6-4D23-77C4-BEB2-1AF02C656717}.Debug|Any CPU.Build.0 = Debug|Any CPU
		{63C373B6-4D23-77C4-BEB2-1AF02C656717}.Release|Any CPU.ActiveCfg = Release|Any CPU
		{63C373B6-4D23-77C4-BEB2-1AF02C656717}.Release|Any CPU.Build.0 = Release|Any CPU
		{73AF950A-0C60-2910-678B-1D567743CC51}.Debug|Any CPU.ActiveCfg = Debug|Any CPU
		{73AF950A-0C60-2910-678B-1D567743CC51}.Debug|Any CPU.Build.0 = Debug|Any CPU
		{73AF950A-0C60-2910-678B-1D567743CC51}.Release|Any CPU.ActiveCfg = Release|Any CPU
		{73AF950A-0C60-2910-678B-1D567743CC51}.Release|Any CPU.Build.0 = Release|Any CPU
		{DADC84EE-B892-0322-75AE-EC4760D2CB5F}.Debug|Any CPU.ActiveCfg = Debug|Any CPU
		{DADC84EE-B892-0322-75AE-EC4760D2CB5F}.Debug|Any CPU.Build.0 = Debug|Any CPU
		{DADC84EE-B892-0322-75AE-EC4760D2CB5F}.Release|Any CPU.ActiveCfg = Release|Any CPU
		{DADC84EE-B892-0322-75AE-EC4760D2CB5F}.Release|Any CPU.Build.0 = Release|Any CPU
		{CCFB2E09-AD4A-C0BA-D970-7658A1D7C1CD}.Debug|Any CPU.ActiveCfg = Debug|Any CPU
		{CCFB2E09-AD4A-C0BA-D970-7658A1D7C1CD}.Debug|Any CPU.Build.0 = Debug|Any CPU
		{CCFB2E09-AD4A-C0BA-D970-7658A1D7C1CD}.Release|Any CPU.ActiveCfg = Release|Any CPU
		{CCFB2E09-AD4A-C0BA-D970-7658A1D7C1CD}.Release|Any CPU.Build.0 = Release|Any CPU
		{60A72FDE-1355-8B31-3914-62B9CA63593D}.Debug|Any CPU.ActiveCfg = Debug|Any CPU
		{60A72FDE-1355-8B31-3914-62B9CA63593D}.Debug|Any CPU.Build.0 = Debug|Any CPU
		{60A72FDE-1355-8B31-3914-62B9CA63593D}.Release|Any CPU.ActiveCfg = Release|Any CPU
		{60A72FDE-1355-8B31-3914-62B9CA63593D}.Release|Any CPU.Build.0 = Release|Any CPU
		{456B7CEA-4777-9C8B-21F5-261E5F84A11A}.Debug|Any CPU.ActiveCfg = Debug|Any CPU
		{456B7CEA-4777-9C8B-21F5-261E5F84A11A}.Debug|Any CPU.Build.0 = Debug|Any CPU
		{456B7CEA-4777-9C8B-21F5-261E5F84A11A}.Release|Any CPU.ActiveCfg = Release|Any CPU
		{456B7CEA-4777-9C8B-21F5-261E5F84A11A}.Release|Any CPU.Build.0 = Release|Any CPU
		{68375CE9-2CBA-78CF-BFDD-95D1D83B2B37}.Debug|Any CPU.ActiveCfg = Debug|Any CPU
		{68375CE9-2CBA-78CF-BFDD-95D1D83B2B37}.Debug|Any CPU.Build.0 = Debug|Any CPU
		{68375CE9-2CBA-78CF-BFDD-95D1D83B2B37}.Release|Any CPU.ActiveCfg = Release|Any CPU
		{68375CE9-2CBA-78CF-BFDD-95D1D83B2B37}.Release|Any CPU.Build.0 = Release|Any CPU
		{DFB2BB80-1B7C-CDBF-20BB-67446078EF80}.Debug|Any CPU.ActiveCfg = Debug|Any CPU
		{DFB2BB80-1B7C-CDBF-20BB-67446078EF80}.Debug|Any CPU.Build.0 = Debug|Any CPU
		{DFB2BB80-1B7C-CDBF-20BB-67446078EF80}.Release|Any CPU.ActiveCfg = Release|Any CPU
		{DFB2BB80-1B7C-CDBF-20BB-67446078EF80}.Release|Any CPU.Build.0 = Release|Any CPU
		{B7B8B0ED-B071-40EA-4CF8-D9009146DC07}.Debug|Any CPU.ActiveCfg = Debug|Any CPU
		{B7B8B0ED-B071-40EA-4CF8-D9009146DC07}.Debug|Any CPU.Build.0 = Debug|Any CPU
		{B7B8B0ED-B071-40EA-4CF8-D9009146DC07}.Release|Any CPU.ActiveCfg = Release|Any CPU
		{B7B8B0ED-B071-40EA-4CF8-D9009146DC07}.Release|Any CPU.Build.0 = Release|Any CPU
		{3594C141-944E-F19C-CC69-B64533CF54A1}.Debug|Any CPU.ActiveCfg = Debug|Any CPU
		{3594C141-944E-F19C-CC69-B64533CF54A1}.Debug|Any CPU.Build.0 = Debug|Any CPU
		{3594C141-944E-F19C-CC69-B64533CF54A1}.Release|Any CPU.ActiveCfg = Release|Any CPU
		{3594C141-944E-F19C-CC69-B64533CF54A1}.Release|Any CPU.Build.0 = Release|Any CPU
		{963C5AF5-D718-2DAF-1BA2-E3442490BB98}.Debug|Any CPU.ActiveCfg = Debug|Any CPU
		{963C5AF5-D718-2DAF-1BA2-E3442490BB98}.Debug|Any CPU.Build.0 = Debug|Any CPU
		{963C5AF5-D718-2DAF-1BA2-E3442490BB98}.Release|Any CPU.ActiveCfg = Release|Any CPU
		{963C5AF5-D718-2DAF-1BA2-E3442490BB98}.Release|Any CPU.Build.0 = Release|Any CPU
		{578ABB09-B51E-9C00-6BCE-2286C6F192D3}.Debug|Any CPU.ActiveCfg = Debug|Any CPU
		{578ABB09-B51E-9C00-6BCE-2286C6F192D3}.Debug|Any CPU.Build.0 = Debug|Any CPU
		{578ABB09-B51E-9C00-6BCE-2286C6F192D3}.Release|Any CPU.ActiveCfg = Release|Any CPU
		{578ABB09-B51E-9C00-6BCE-2286C6F192D3}.Release|Any CPU.Build.0 = Release|Any CPU
		{3A5B3171-A0C6-8201-BE7B-9E7325585D53}.Debug|Any CPU.ActiveCfg = Debug|Any CPU
		{3A5B3171-A0C6-8201-BE7B-9E7325585D53}.Debug|Any CPU.Build.0 = Debug|Any CPU
		{3A5B3171-A0C6-8201-BE7B-9E7325585D53}.Release|Any CPU.ActiveCfg = Release|Any CPU
		{3A5B3171-A0C6-8201-BE7B-9E7325585D53}.Release|Any CPU.Build.0 = Release|Any CPU
		{EE3F4B25-FD3F-C504-1963-C05286D4FDC2}.Debug|Any CPU.ActiveCfg = Debug|Any CPU
		{EE3F4B25-FD3F-C504-1963-C05286D4FDC2}.Debug|Any CPU.Build.0 = Debug|Any CPU
		{EE3F4B25-FD3F-C504-1963-C05286D4FDC2}.Release|Any CPU.ActiveCfg = Release|Any CPU
		{EE3F4B25-FD3F-C504-1963-C05286D4FDC2}.Release|Any CPU.Build.0 = Release|Any CPU
		{B73F0E9D-1AD7-F299-5DBE-643A5A8D9054}.Debug|Any CPU.ActiveCfg = Debug|Any CPU
		{B73F0E9D-1AD7-F299-5DBE-643A5A8D9054}.Debug|Any CPU.Build.0 = Debug|Any CPU
		{B73F0E9D-1AD7-F299-5DBE-643A5A8D9054}.Release|Any CPU.ActiveCfg = Release|Any CPU
		{B73F0E9D-1AD7-F299-5DBE-643A5A8D9054}.Release|Any CPU.Build.0 = Release|Any CPU
		{F61FC272-DC78-4CE3-96BA-118ED3BF95A4}.Debug|Any CPU.ActiveCfg = Debug|Any CPU
		{F61FC272-DC78-4CE3-96BA-118ED3BF95A4}.Debug|Any CPU.Build.0 = Debug|Any CPU
		{F61FC272-DC78-4CE3-96BA-118ED3BF95A4}.Release|Any CPU.ActiveCfg = Release|Any CPU
		{F61FC272-DC78-4CE3-96BA-118ED3BF95A4}.Release|Any CPU.Build.0 = Release|Any CPU
		{08402401-483A-44DA-9F9A-67D53A4D56D1}.Debug|Any CPU.ActiveCfg = Debug|Any CPU
		{08402401-483A-44DA-9F9A-67D53A4D56D1}.Debug|Any CPU.Build.0 = Debug|Any CPU
		{08402401-483A-44DA-9F9A-67D53A4D56D1}.Release|Any CPU.ActiveCfg = Release|Any CPU
		{08402401-483A-44DA-9F9A-67D53A4D56D1}.Release|Any CPU.Build.0 = Release|Any CPU
		{0D351F4E-85FB-47F3-8483-4212E98FDAEC}.Debug|Any CPU.ActiveCfg = Debug|Any CPU
		{0D351F4E-85FB-47F3-8483-4212E98FDAEC}.Debug|Any CPU.Build.0 = Debug|Any CPU
		{0D351F4E-85FB-47F3-8483-4212E98FDAEC}.Release|Any CPU.ActiveCfg = Release|Any CPU
		{0D351F4E-85FB-47F3-8483-4212E98FDAEC}.Release|Any CPU.Build.0 = Release|Any CPU
		{98BA7F6C-FDAA-4308-AB0D-497FFF0B46DA}.Debug|Any CPU.ActiveCfg = Debug|Any CPU
		{98BA7F6C-FDAA-4308-AB0D-497FFF0B46DA}.Debug|Any CPU.Build.0 = Debug|Any CPU
		{98BA7F6C-FDAA-4308-AB0D-497FFF0B46DA}.Release|Any CPU.ActiveCfg = Release|Any CPU
		{98BA7F6C-FDAA-4308-AB0D-497FFF0B46DA}.Release|Any CPU.Build.0 = Release|Any CPU
		{C312615B-D3C5-4F4A-BA91-CFFD414947F7}.Debug|Any CPU.ActiveCfg = Debug|Any CPU
		{C312615B-D3C5-4F4A-BA91-CFFD414947F7}.Debug|Any CPU.Build.0 = Debug|Any CPU
		{C312615B-D3C5-4F4A-BA91-CFFD414947F7}.Release|Any CPU.ActiveCfg = Release|Any CPU
		{C312615B-D3C5-4F4A-BA91-CFFD414947F7}.Release|Any CPU.Build.0 = Release|Any CPU
	EndGlobalSection
	GlobalSection(SolutionProperties) = preSolution
		HideSolutionNode = FALSE
	EndGlobalSection
	GlobalSection(NestedProjects) = preSolution
		{B1B5085C-0DFC-41B3-BD97-FBA5AC6CDD9C} = {B07AB14C-AE63-49DA-BA12-624ED38F0A46}
		{5CDB6975-17E1-44B0-B162-8D5AE69ED447} = {110E46C6-78C6-4B0A-90A5-CBBA9D81D519}
		{DF07C7FB-7A1D-4252-A985-279CE521A604} = {B1152A90-D15B-420A-9E86-2F7EC4ED1A0D}
		{28CCD968-0171-429E-A2AA-0ECCA9B1CB81} = {B1152A90-D15B-420A-9E86-2F7EC4ED1A0D}
		{3B3D8EFA-3B64-48DD-8EBD-70F9F91B7AF1} = {28CCD968-0171-429E-A2AA-0ECCA9B1CB81}
		{E7EA95C6-66B2-4397-806C-8C481AECCFA8} = {35F81B4B-4DC5-4A77-9311-05C9EC94A479}
		{0901A018-54E7-4E52-B5FF-36F1B249ABDD} = {34BE3981-7F32-47A9-BDD4-8F178B17944D}
		{E9C65DB6-CA61-47AE-809F-A4B61CE700CC} = {865D0E60-A2AD-4282-800F-E8EC8E830909}
		{3333E3FA-F750-712F-23C3-A5B329B131A9} = {865D0E60-A2AD-4282-800F-E8EC8E830909}
		{9DF502F0-3E8E-4CBD-848F-5B9EDAC295A0} = {34BE3981-7F32-47A9-BDD4-8F178B17944D}
		{FF9E2AB7-4C26-4704-AB5A-12D7F020CA14} = {B1B5085C-0DFC-41B3-BD97-FBA5AC6CDD9C}
		{4BCD3265-9E01-4C63-AD51-EBF66FCC84F8} = {B07AB14C-AE63-49DA-BA12-624ED38F0A46}
		{D5824B04-54C0-4F20-9AE8-FBCD2A54CFCE} = {B1B5085C-0DFC-41B3-BD97-FBA5AC6CDD9C}
		{4E72C947-B9DE-6884-DFB0-97F7D0D5C1C4} = {C0F6F6C5-0415-42A9-9236-C765B64B8ACD}
		{10D46CF7-68C3-A26D-9343-8EA766755D57} = {110E46C6-78C6-4B0A-90A5-CBBA9D81D519}
		{63C373B6-4D23-77C4-BEB2-1AF02C656717} = {28CCD968-0171-429E-A2AA-0ECCA9B1CB81}
		{73AF950A-0C60-2910-678B-1D567743CC51} = {28CCD968-0171-429E-A2AA-0ECCA9B1CB81}
		{DADC84EE-B892-0322-75AE-EC4760D2CB5F} = {28CCD968-0171-429E-A2AA-0ECCA9B1CB81}
		{C66F201B-043E-45A0-B347-4ADCBDC730B2} = {B07AB14C-AE63-49DA-BA12-624ED38F0A46}
		{CCFB2E09-AD4A-C0BA-D970-7658A1D7C1CD} = {C66F201B-043E-45A0-B347-4ADCBDC730B2}
		{60A72FDE-1355-8B31-3914-62B9CA63593D} = {C66F201B-043E-45A0-B347-4ADCBDC730B2}
		{456B7CEA-4777-9C8B-21F5-261E5F84A11A} = {C66F201B-043E-45A0-B347-4ADCBDC730B2}
		{68375CE9-2CBA-78CF-BFDD-95D1D83B2B37} = {C66F201B-043E-45A0-B347-4ADCBDC730B2}
		{BEDE0556-12CC-4162-933C-17669ED60DF3} = {C66F201B-043E-45A0-B347-4ADCBDC730B2}
		{DFB2BB80-1B7C-CDBF-20BB-67446078EF80} = {BEDE0556-12CC-4162-933C-17669ED60DF3}
		{B7B8B0ED-B071-40EA-4CF8-D9009146DC07} = {BEDE0556-12CC-4162-933C-17669ED60DF3}
		{3594C141-944E-F19C-CC69-B64533CF54A1} = {02EA681E-C7D8-13C7-8484-4AC65E1B71E8}
		{963C5AF5-D718-2DAF-1BA2-E3442490BB98} = {02EA681E-C7D8-13C7-8484-4AC65E1B71E8}
		{45839D8F-ECD0-4D17-B9C4-F57E66D72CF2} = {B07AB14C-AE63-49DA-BA12-624ED38F0A46}
		{578ABB09-B51E-9C00-6BCE-2286C6F192D3} = {45839D8F-ECD0-4D17-B9C4-F57E66D72CF2}
		{3A5B3171-A0C6-8201-BE7B-9E7325585D53} = {45839D8F-ECD0-4D17-B9C4-F57E66D72CF2}
		{EE3F4B25-FD3F-C504-1963-C05286D4FDC2} = {45839D8F-ECD0-4D17-B9C4-F57E66D72CF2}
		{B73F0E9D-1AD7-F299-5DBE-643A5A8D9054} = {45839D8F-ECD0-4D17-B9C4-F57E66D72CF2}
		{F61FC272-DC78-4CE3-96BA-118ED3BF95A4} = {35F81B4B-4DC5-4A77-9311-05C9EC94A479}
		{08402401-483A-44DA-9F9A-67D53A4D56D1} = {C0F6F6C5-0415-42A9-9236-C765B64B8ACD}
		{0D351F4E-85FB-47F3-8483-4212E98FDAEC} = {C0F6F6C5-0415-42A9-9236-C765B64B8ACD}
		{110E46C6-78C6-4B0A-90A5-CBBA9D81D519} = {B1152A90-D15B-420A-9E86-2F7EC4ED1A0D}
		{C0F6F6C5-0415-42A9-9236-C765B64B8ACD} = {35F81B4B-4DC5-4A77-9311-05C9EC94A479}
		{865D0E60-A2AD-4282-800F-E8EC8E830909} = {B1152A90-D15B-420A-9E86-2F7EC4ED1A0D}
		{98BA7F6C-FDAA-4308-AB0D-497FFF0B46DA} = {34BE3981-7F32-47A9-BDD4-8F178B17944D}
		{089DB635-7F76-47F4-A29E-165AFF3B8098} = {34BE3981-7F32-47A9-BDD4-8F178B17944D}
		{C312615B-D3C5-4F4A-BA91-CFFD414947F7} = {089DB635-7F76-47F4-A29E-165AFF3B8098}
	EndGlobalSection
	GlobalSection(ExtensibilityGlobals) = postSolution
		SolutionGuid = {7F0CD4AD-9CFF-412C-AFA2-6A353CA3A42B}
	EndGlobalSection
EndGlobal
