
Microsoft Visual Studio Solution File, Format Version 12.00
# Visual Studio Version 17
VisualStudioVersion = 17.12.35527.113
MinimumVisualStudioVersion = 10.0.40219.1
Project("{2150E333-8FDC-42A3-9474-1A3956D46DE8}") = "mock", "mock", "{B1B5085C-0DFC-41B3-BD97-FBA5AC6CDD9C}"
EndProject
Project("{FAE04EC0-301F-11D3-BF4B-00C04F79EFBC}") = "UKHO.ADDS.EFS.LocalHost", "src\UKHO.ADDS.EFS.LocalHost\UKHO.ADDS.EFS.LocalHost.csproj", "{5CDB6975-17E1-44B0-B162-8D5AE69ED447}"
EndProject
Project("{2150E333-8FDC-42A3-9474-1A3956D46DE8}") = "local", "local", "{FE1B3C08-90C0-4026-A00B-EDCCB1E16D1D}"
EndProject
Project("{FAE04EC0-301F-11D3-BF4B-00C04F79EFBC}") = "UKHO.ADDS.EFS.Orchestrator", "src\UKHO.ADDS.EFS.Orchestrator\UKHO.ADDS.EFS.Orchestrator.csproj", "{DF07C7FB-7A1D-4252-A985-279CE521A604}"
EndProject
Project("{2150E333-8FDC-42A3-9474-1A3956D46DE8}") = "@builder-containers", "@builder-containers", "{28CCD968-0171-429E-A2AA-0ECCA9B1CB81}"
EndProject
Project("{FAE04EC0-301F-11D3-BF4B-00C04F79EFBC}") = "UKHO.ADDS.EFS.Builder.S100", "src\UKHO.ADDS.EFS.Builder.S100\UKHO.ADDS.EFS.Builder.S100.csproj", "{3B3D8EFA-3B64-48DD-8EBD-70F9F91B7AF1}"
EndProject
Project("{2150E333-8FDC-42A3-9474-1A3956D46DE8}") = "domain", "domain", "{6264E1B0-3C74-4455-A8EE-7CFF445F37BA}"
EndProject
Project("{FAE04EC0-301F-11D3-BF4B-00C04F79EFBC}") = "UKHO.ADDS.EFS.Domain", "src\UKHO.ADDS.EFS.Domain\UKHO.ADDS.EFS.Domain.csproj", "{E7EA95C6-66B2-4397-806C-8C481AECCFA8}"
EndProject
Project("{FAE04EC0-301F-11D3-BF4B-00C04F79EFBC}") = "UKHO.ADDS.EFS.Aspire", "src\UKHO.ADDS.EFS.Aspire\UKHO.ADDS.EFS.Aspire.csproj", "{0901A018-54E7-4E52-B5FF-36F1B249ABDD}"
EndProject
Project("{2150E333-8FDC-42A3-9474-1A3956D46DE8}") = "@test", "@test", "{02EA681E-C7D8-13C7-8484-4AC65E1B71E8}"
EndProject
Project("{FAE04EC0-301F-11D3-BF4B-00C04F79EFBC}") = "UKHO.ADDS.EFS.Orchestrator.UnitTests", "test\UKHO.ADDS.EFS.Orchestrator.UnitTests\UKHO.ADDS.EFS.Orchestrator.UnitTests.csproj", "{E9C65DB6-CA61-47AE-809F-A4B61CE700CC}"
EndProject
Project("{FAE04EC0-301F-11D3-BF4B-00C04F79EFBC}") = "UKHO.ADDS.EFS.Builder.S100.UnitTests", "test\UKHO.ADDS.EFS.Builder.S100.UnitTests\UKHO.ADDS.EFS.Builder.S100.UnitTests.csproj", "{3333E3FA-F750-712F-23C3-A5B329B131A9}"
EndProject
Project("{FAE04EC0-301F-11D3-BF4B-00C04F79EFBC}") = "UKHO.ADDS.EFS.Analyzers", "src\UKHO.ADDS.EFS.Analyzers\UKHO.ADDS.EFS.Analyzers.csproj", "{9DF502F0-3E8E-4CBD-848F-5B9EDAC295A0}"
EndProject
Project("{FAE04EC0-301F-11D3-BF4B-00C04F79EFBC}") = "UKHO.ADDS.Mocks", "mock\repo\src\UKHO.ADDS.Mocks\UKHO.ADDS.Mocks.csproj", "{FF9E2AB7-4C26-4704-AB5A-12D7F020CA14}"
EndProject
Project("{FAE04EC0-301F-11D3-BF4B-00C04F79EFBC}") = "UKHO.ADDS.Mocks.EFS", "mock\UKHO.ADDS.Mocks.EFS\UKHO.ADDS.Mocks.EFS.csproj", "{4BCD3265-9E01-4C63-AD51-EBF66FCC84F8}"
EndProject
Project("{FAE04EC0-301F-11D3-BF4B-00C04F79EFBC}") = "UKHO.ADDS.Mocks.Client", "mock\repo\src\UKHO.ADDS.Mocks.Client\UKHO.ADDS.Mocks.Client.csproj", "{D5824B04-54C0-4F20-9AE8-FBCD2A54CFCE}"
EndProject
Project("{FAE04EC0-301F-11D3-BF4B-00C04F79EFBC}") = "UKHO.ADDS.EFS.Domain.UnitTests", "test\UKHO.ADDS.EFS.Domain.UnitTests\UKHO.ADDS.EFS.Domain.UnitTests.csproj", "{4E72C947-B9DE-6884-DFB0-97F7D0D5C1C4}"
EndProject
Project("{2150E333-8FDC-42A3-9474-1A3956D46DE8}") = "services", "services", "{751A07B7-4C53-437E-80BB-8E5CE2D38524}"
EndProject
Project("{2150E333-8FDC-42A3-9474-1A3956D46DE8}") = "@submodules", "@submodules", "{80B96364-9D68-435D-9B5E-70E8E3F7504C}"
EndProject
Project("{2150E333-8FDC-42A3-9474-1A3956D46DE8}") = "config", "config", "{6B5B5410-BA91-4E7E-8B61-84FACDB162A0}"
EndProject
Project("{FAE04EC0-301F-11D3-BF4B-00C04F79EFBC}") = "UKHO.ADDS.Configuration.Domain", "config\repo\src\UKHO.ADDS.Configuration.Domain\UKHO.ADDS.Configuration.Domain.csproj", "{60444248-2B41-151A-1A3D-43D15799CEDC}"
EndProject
Project("{FAE04EC0-301F-11D3-BF4B-00C04F79EFBC}") = "UKHO.ADDS.Configuration", "config\repo\src\UKHO.ADDS.Configuration\UKHO.ADDS.Configuration.csproj", "{D21303FD-9940-03B4-15C4-9DB4BEE88B6F}"
EndProject
Project("{FAE04EC0-301F-11D3-BF4B-00C04F79EFBC}") = "UKHO.ADDS.Configuration.Client", "config\repo\src\UKHO.ADDS.Configuration.Client\UKHO.ADDS.Configuration.Client.csproj", "{F1E88ECD-5C47-16D8-8BC9-877C87F4C33D}"
EndProject
Project("{FAE04EC0-301F-11D3-BF4B-00C04F79EFBC}") = "UKHO.ADDS.Configuration.Aspire", "config\repo\src\UKHO.ADDS.Configuration.Aspire\UKHO.ADDS.Configuration.Aspire.csproj", "{85CE3BF2-F2C9-FEED-4736-4573897EC012}"
EndProject
Project("{FAE04EC0-301F-11D3-BF4B-00C04F79EFBC}") = "UKHO.ADDS.Configuration.Seeder", "config\repo\src\UKHO.ADDS.Configuration.Seeder\UKHO.ADDS.Configuration.Seeder.csproj", "{9713ECCC-E0B0-F8B8-ED5F-79E3CB891F86}"
EndProject
Project("{2150E333-8FDC-42A3-9474-1A3956D46DE8}") = "@configuration", "@configuration", "{BC930792-C901-4759-B042-9AA113865741}"
	ProjectSection(SolutionItems) = preProject
		config\configuration.json = config\configuration.json
	EndProjectSection
EndProject
Project("{FAE04EC0-301F-11D3-BF4B-00C04F79EFBC}") = "UKHO.ADDS.EFS.BuildRequestMonitor", "src\UKHO.ADDS.EFS.BuildRequestMonitor\UKHO.ADDS.EFS.BuildRequestMonitor.csproj", "{10D46CF7-68C3-A26D-9343-8EA766755D57}"
EndProject
Project("{FAE04EC0-301F-11D3-BF4B-00C04F79EFBC}") = "UKHO.ADDS.EFS.Builder.Common", "src\UKHO.ADDS.EFS.Builder.Common\UKHO.ADDS.EFS.Builder.Common.csproj", "{63C373B6-4D23-77C4-BEB2-1AF02C656717}"
EndProject
Project("{FAE04EC0-301F-11D3-BF4B-00C04F79EFBC}") = "UKHO.ADDS.EFS.Builder.S57", "src\UKHO.ADDS.EFS.Builder.S57\UKHO.ADDS.EFS.Builder.S57.csproj", "{73AF950A-0C60-2910-678B-1D567743CC51}"
EndProject
Project("{FAE04EC0-301F-11D3-BF4B-00C04F79EFBC}") = "UKHO.ADDS.EFS.Builder.S63", "src\UKHO.ADDS.EFS.Builder.S63\UKHO.ADDS.EFS.Builder.S63.csproj", "{DADC84EE-B892-0322-75AE-EC4760D2CB5F}"
EndProject
Project("{FAE04EC0-301F-11D3-BF4B-00C04F79EFBC}") = "UKHO.ADDS.EFS.S100.API.FunctionalTests", "test\UKHO.ADDS.EFS.S100.API.FunctionalTests\UKHO.ADDS.EFS.S100.API.FunctionalTests.csproj", "{BBFF88C0-70B0-7C22-8378-43A327FB0D25}"
EndProject
Global
	GlobalSection(SolutionConfigurationPlatforms) = preSolution
		Debug|Any CPU = Debug|Any CPU
		Release|Any CPU = Release|Any CPU
	EndGlobalSection
	GlobalSection(ProjectConfigurationPlatforms) = postSolution
		{5CDB6975-17E1-44B0-B162-8D5AE69ED447}.Debug|Any CPU.ActiveCfg = Debug|Any CPU
		{5CDB6975-17E1-44B0-B162-8D5AE69ED447}.Debug|Any CPU.Build.0 = Debug|Any CPU
		{5CDB6975-17E1-44B0-B162-8D5AE69ED447}.Release|Any CPU.ActiveCfg = Release|Any CPU
		{5CDB6975-17E1-44B0-B162-8D5AE69ED447}.Release|Any CPU.Build.0 = Release|Any CPU
		{DF07C7FB-7A1D-4252-A985-279CE521A604}.Debug|Any CPU.ActiveCfg = Debug|Any CPU
		{DF07C7FB-7A1D-4252-A985-279CE521A604}.Debug|Any CPU.Build.0 = Debug|Any CPU
		{DF07C7FB-7A1D-4252-A985-279CE521A604}.Release|Any CPU.ActiveCfg = Release|Any CPU
		{DF07C7FB-7A1D-4252-A985-279CE521A604}.Release|Any CPU.Build.0 = Release|Any CPU
		{3B3D8EFA-3B64-48DD-8EBD-70F9F91B7AF1}.Debug|Any CPU.ActiveCfg = Debug|Any CPU
		{3B3D8EFA-3B64-48DD-8EBD-70F9F91B7AF1}.Debug|Any CPU.Build.0 = Debug|Any CPU
		{3B3D8EFA-3B64-48DD-8EBD-70F9F91B7AF1}.Release|Any CPU.ActiveCfg = Release|Any CPU
		{3B3D8EFA-3B64-48DD-8EBD-70F9F91B7AF1}.Release|Any CPU.Build.0 = Release|Any CPU
		{E7EA95C6-66B2-4397-806C-8C481AECCFA8}.Debug|Any CPU.ActiveCfg = Debug|Any CPU
		{E7EA95C6-66B2-4397-806C-8C481AECCFA8}.Debug|Any CPU.Build.0 = Debug|Any CPU
		{E7EA95C6-66B2-4397-806C-8C481AECCFA8}.Release|Any CPU.ActiveCfg = Release|Any CPU
		{E7EA95C6-66B2-4397-806C-8C481AECCFA8}.Release|Any CPU.Build.0 = Release|Any CPU
		{0901A018-54E7-4E52-B5FF-36F1B249ABDD}.Debug|Any CPU.ActiveCfg = Debug|Any CPU
		{0901A018-54E7-4E52-B5FF-36F1B249ABDD}.Debug|Any CPU.Build.0 = Debug|Any CPU
		{0901A018-54E7-4E52-B5FF-36F1B249ABDD}.Release|Any CPU.ActiveCfg = Release|Any CPU
		{0901A018-54E7-4E52-B5FF-36F1B249ABDD}.Release|Any CPU.Build.0 = Release|Any CPU
		{E9C65DB6-CA61-47AE-809F-A4B61CE700CC}.Debug|Any CPU.ActiveCfg = Debug|Any CPU
		{E9C65DB6-CA61-47AE-809F-A4B61CE700CC}.Debug|Any CPU.Build.0 = Debug|Any CPU
		{E9C65DB6-CA61-47AE-809F-A4B61CE700CC}.Release|Any CPU.ActiveCfg = Release|Any CPU
		{E9C65DB6-CA61-47AE-809F-A4B61CE700CC}.Release|Any CPU.Build.0 = Release|Any CPU
		{3333E3FA-F750-712F-23C3-A5B329B131A9}.Debug|Any CPU.ActiveCfg = Debug|Any CPU
		{3333E3FA-F750-712F-23C3-A5B329B131A9}.Debug|Any CPU.Build.0 = Debug|Any CPU
		{3333E3FA-F750-712F-23C3-A5B329B131A9}.Release|Any CPU.ActiveCfg = Release|Any CPU
		{3333E3FA-F750-712F-23C3-A5B329B131A9}.Release|Any CPU.Build.0 = Release|Any CPU
		{9DF502F0-3E8E-4CBD-848F-5B9EDAC295A0}.Debug|Any CPU.ActiveCfg = Debug|Any CPU
		{9DF502F0-3E8E-4CBD-848F-5B9EDAC295A0}.Debug|Any CPU.Build.0 = Debug|Any CPU
		{9DF502F0-3E8E-4CBD-848F-5B9EDAC295A0}.Release|Any CPU.ActiveCfg = Release|Any CPU
		{9DF502F0-3E8E-4CBD-848F-5B9EDAC295A0}.Release|Any CPU.Build.0 = Release|Any CPU
		{FF9E2AB7-4C26-4704-AB5A-12D7F020CA14}.Debug|Any CPU.ActiveCfg = Debug|Any CPU
		{FF9E2AB7-4C26-4704-AB5A-12D7F020CA14}.Debug|Any CPU.Build.0 = Debug|Any CPU
		{FF9E2AB7-4C26-4704-AB5A-12D7F020CA14}.Release|Any CPU.ActiveCfg = Release|Any CPU
		{FF9E2AB7-4C26-4704-AB5A-12D7F020CA14}.Release|Any CPU.Build.0 = Release|Any CPU
		{4BCD3265-9E01-4C63-AD51-EBF66FCC84F8}.Debug|Any CPU.ActiveCfg = Debug|Any CPU
		{4BCD3265-9E01-4C63-AD51-EBF66FCC84F8}.Debug|Any CPU.Build.0 = Debug|Any CPU
		{4BCD3265-9E01-4C63-AD51-EBF66FCC84F8}.Release|Any CPU.ActiveCfg = Release|Any CPU
		{4BCD3265-9E01-4C63-AD51-EBF66FCC84F8}.Release|Any CPU.Build.0 = Release|Any CPU
		{D5824B04-54C0-4F20-9AE8-FBCD2A54CFCE}.Debug|Any CPU.ActiveCfg = Debug|Any CPU
		{D5824B04-54C0-4F20-9AE8-FBCD2A54CFCE}.Debug|Any CPU.Build.0 = Debug|Any CPU
		{D5824B04-54C0-4F20-9AE8-FBCD2A54CFCE}.Release|Any CPU.ActiveCfg = Release|Any CPU
		{D5824B04-54C0-4F20-9AE8-FBCD2A54CFCE}.Release|Any CPU.Build.0 = Release|Any CPU
		{4E72C947-B9DE-6884-DFB0-97F7D0D5C1C4}.Debug|Any CPU.ActiveCfg = Debug|Any CPU
		{4E72C947-B9DE-6884-DFB0-97F7D0D5C1C4}.Debug|Any CPU.Build.0 = Debug|Any CPU
		{4E72C947-B9DE-6884-DFB0-97F7D0D5C1C4}.Release|Any CPU.ActiveCfg = Release|Any CPU
		{4E72C947-B9DE-6884-DFB0-97F7D0D5C1C4}.Release|Any CPU.Build.0 = Release|Any CPU
		{60444248-2B41-151A-1A3D-43D15799CEDC}.Debug|Any CPU.ActiveCfg = Debug|Any CPU
		{60444248-2B41-151A-1A3D-43D15799CEDC}.Debug|Any CPU.Build.0 = Debug|Any CPU
		{60444248-2B41-151A-1A3D-43D15799CEDC}.Release|Any CPU.ActiveCfg = Release|Any CPU
		{60444248-2B41-151A-1A3D-43D15799CEDC}.Release|Any CPU.Build.0 = Release|Any CPU
		{D21303FD-9940-03B4-15C4-9DB4BEE88B6F}.Debug|Any CPU.ActiveCfg = Debug|Any CPU
		{D21303FD-9940-03B4-15C4-9DB4BEE88B6F}.Debug|Any CPU.Build.0 = Debug|Any CPU
		{D21303FD-9940-03B4-15C4-9DB4BEE88B6F}.Release|Any CPU.ActiveCfg = Release|Any CPU
		{D21303FD-9940-03B4-15C4-9DB4BEE88B6F}.Release|Any CPU.Build.0 = Release|Any CPU
		{F1E88ECD-5C47-16D8-8BC9-877C87F4C33D}.Debug|Any CPU.ActiveCfg = Debug|Any CPU
		{F1E88ECD-5C47-16D8-8BC9-877C87F4C33D}.Debug|Any CPU.Build.0 = Debug|Any CPU
		{F1E88ECD-5C47-16D8-8BC9-877C87F4C33D}.Release|Any CPU.ActiveCfg = Release|Any CPU
		{F1E88ECD-5C47-16D8-8BC9-877C87F4C33D}.Release|Any CPU.Build.0 = Release|Any CPU
		{85CE3BF2-F2C9-FEED-4736-4573897EC012}.Debug|Any CPU.ActiveCfg = Debug|Any CPU
		{85CE3BF2-F2C9-FEED-4736-4573897EC012}.Debug|Any CPU.Build.0 = Debug|Any CPU
		{85CE3BF2-F2C9-FEED-4736-4573897EC012}.Release|Any CPU.ActiveCfg = Release|Any CPU
		{85CE3BF2-F2C9-FEED-4736-4573897EC012}.Release|Any CPU.Build.0 = Release|Any CPU
		{9713ECCC-E0B0-F8B8-ED5F-79E3CB891F86}.Debug|Any CPU.ActiveCfg = Debug|Any CPU
		{9713ECCC-E0B0-F8B8-ED5F-79E3CB891F86}.Debug|Any CPU.Build.0 = Debug|Any CPU
		{9713ECCC-E0B0-F8B8-ED5F-79E3CB891F86}.Release|Any CPU.ActiveCfg = Release|Any CPU
		{9713ECCC-E0B0-F8B8-ED5F-79E3CB891F86}.Release|Any CPU.Build.0 = Release|Any CPU
		{10D46CF7-68C3-A26D-9343-8EA766755D57}.Debug|Any CPU.ActiveCfg = Debug|Any CPU
		{10D46CF7-68C3-A26D-9343-8EA766755D57}.Debug|Any CPU.Build.0 = Debug|Any CPU
		{10D46CF7-68C3-A26D-9343-8EA766755D57}.Release|Any CPU.ActiveCfg = Release|Any CPU
		{10D46CF7-68C3-A26D-9343-8EA766755D57}.Release|Any CPU.Build.0 = Release|Any CPU
		{63C373B6-4D23-77C4-BEB2-1AF02C656717}.Debug|Any CPU.ActiveCfg = Debug|Any CPU
		{63C373B6-4D23-77C4-BEB2-1AF02C656717}.Debug|Any CPU.Build.0 = Debug|Any CPU
		{63C373B6-4D23-77C4-BEB2-1AF02C656717}.Release|Any CPU.ActiveCfg = Release|Any CPU
		{63C373B6-4D23-77C4-BEB2-1AF02C656717}.Release|Any CPU.Build.0 = Release|Any CPU
		{73AF950A-0C60-2910-678B-1D567743CC51}.Debug|Any CPU.ActiveCfg = Debug|Any CPU
		{73AF950A-0C60-2910-678B-1D567743CC51}.Debug|Any CPU.Build.0 = Debug|Any CPU
		{73AF950A-0C60-2910-678B-1D567743CC51}.Release|Any CPU.ActiveCfg = Release|Any CPU
		{73AF950A-0C60-2910-678B-1D567743CC51}.Release|Any CPU.Build.0 = Release|Any CPU
		{DADC84EE-B892-0322-75AE-EC4760D2CB5F}.Debug|Any CPU.ActiveCfg = Debug|Any CPU
		{DADC84EE-B892-0322-75AE-EC4760D2CB5F}.Debug|Any CPU.Build.0 = Debug|Any CPU
		{DADC84EE-B892-0322-75AE-EC4760D2CB5F}.Release|Any CPU.ActiveCfg = Release|Any CPU
		{DADC84EE-B892-0322-75AE-EC4760D2CB5F}.Release|Any CPU.Build.0 = Release|Any CPU
		{BBFF88C0-70B0-7C22-8378-43A327FB0D25}.Debug|Any CPU.ActiveCfg = Debug|Any CPU
		{BBFF88C0-70B0-7C22-8378-43A327FB0D25}.Debug|Any CPU.Build.0 = Debug|Any CPU
		{BBFF88C0-70B0-7C22-8378-43A327FB0D25}.Release|Any CPU.ActiveCfg = Release|Any CPU
		{BBFF88C0-70B0-7C22-8378-43A327FB0D25}.Release|Any CPU.Build.0 = Release|Any CPU
	EndGlobalSection
	GlobalSection(SolutionProperties) = preSolution
		HideSolutionNode = FALSE
	EndGlobalSection
	GlobalSection(NestedProjects) = preSolution
		{B1B5085C-0DFC-41B3-BD97-FBA5AC6CDD9C} = {80B96364-9D68-435D-9B5E-70E8E3F7504C}
		{5CDB6975-17E1-44B0-B162-8D5AE69ED447} = {FE1B3C08-90C0-4026-A00B-EDCCB1E16D1D}
		{DF07C7FB-7A1D-4252-A985-279CE521A604} = {751A07B7-4C53-437E-80BB-8E5CE2D38524}
		{3B3D8EFA-3B64-48DD-8EBD-70F9F91B7AF1} = {28CCD968-0171-429E-A2AA-0ECCA9B1CB81}
		{E7EA95C6-66B2-4397-806C-8C481AECCFA8} = {6264E1B0-3C74-4455-A8EE-7CFF445F37BA}
		{0901A018-54E7-4E52-B5FF-36F1B249ABDD} = {FE1B3C08-90C0-4026-A00B-EDCCB1E16D1D}
		{E9C65DB6-CA61-47AE-809F-A4B61CE700CC} = {02EA681E-C7D8-13C7-8484-4AC65E1B71E8}
		{3333E3FA-F750-712F-23C3-A5B329B131A9} = {02EA681E-C7D8-13C7-8484-4AC65E1B71E8}
		{9DF502F0-3E8E-4CBD-848F-5B9EDAC295A0} = {FE1B3C08-90C0-4026-A00B-EDCCB1E16D1D}
		{FF9E2AB7-4C26-4704-AB5A-12D7F020CA14} = {B1B5085C-0DFC-41B3-BD97-FBA5AC6CDD9C}
		{4BCD3265-9E01-4C63-AD51-EBF66FCC84F8} = {751A07B7-4C53-437E-80BB-8E5CE2D38524}
		{D5824B04-54C0-4F20-9AE8-FBCD2A54CFCE} = {B1B5085C-0DFC-41B3-BD97-FBA5AC6CDD9C}
		{4E72C947-B9DE-6884-DFB0-97F7D0D5C1C4} = {02EA681E-C7D8-13C7-8484-4AC65E1B71E8}
		{6B5B5410-BA91-4E7E-8B61-84FACDB162A0} = {80B96364-9D68-435D-9B5E-70E8E3F7504C}
		{60444248-2B41-151A-1A3D-43D15799CEDC} = {6B5B5410-BA91-4E7E-8B61-84FACDB162A0}
		{D21303FD-9940-03B4-15C4-9DB4BEE88B6F} = {6B5B5410-BA91-4E7E-8B61-84FACDB162A0}
		{F1E88ECD-5C47-16D8-8BC9-877C87F4C33D} = {6B5B5410-BA91-4E7E-8B61-84FACDB162A0}
		{85CE3BF2-F2C9-FEED-4736-4573897EC012} = {6B5B5410-BA91-4E7E-8B61-84FACDB162A0}
		{9713ECCC-E0B0-F8B8-ED5F-79E3CB891F86} = {6B5B5410-BA91-4E7E-8B61-84FACDB162A0}
		{10D46CF7-68C3-A26D-9343-8EA766755D57} = {FE1B3C08-90C0-4026-A00B-EDCCB1E16D1D}
		{63C373B6-4D23-77C4-BEB2-1AF02C656717} = {28CCD968-0171-429E-A2AA-0ECCA9B1CB81}
		{73AF950A-0C60-2910-678B-1D567743CC51} = {28CCD968-0171-429E-A2AA-0ECCA9B1CB81}
		{DADC84EE-B892-0322-75AE-EC4760D2CB5F} = {28CCD968-0171-429E-A2AA-0ECCA9B1CB81}
		{BBFF88C0-70B0-7C22-8378-43A327FB0D25} = {02EA681E-C7D8-13C7-8484-4AC65E1B71E8}
	EndGlobalSection
	GlobalSection(ExtensibilityGlobals) = postSolution
		SolutionGuid = {7F0CD4AD-9CFF-412C-AFA2-6A353CA3A42B}
	EndGlobalSection
EndGlobal
