
Microsoft Visual Studio Solution File, Format Version 12.00
# Visual Studio Version 17
VisualStudioVersion = 17.12.35527.113
MinimumVisualStudioVersion = 10.0.40219.1
Project("{2150E333-8FDC-42A3-9474-1A3956D46DE8}") = "@mock", "@mock", "{B1B5085C-0DFC-41B3-BD97-FBA5AC6CDD9C}"
EndProject
Project("{FAE04EC0-301F-11D3-BF4B-00C04F79EFBC}") = "ADDSMock", "mock\repo\src\ADDSMock\ADDSMock.csproj", "{5F7BC0C4-07DC-4587-8535-F44AF7D8F6DB}"
EndProject
Project("{FAE04EC0-301F-11D3-BF4B-00C04F79EFBC}") = "UKHO.ADDS.EFS.LocalHost", "src\UKHO.ADDS.EFS.LocalHost\UKHO.ADDS.EFS.LocalHost.csproj", "{5CDB6975-17E1-44B0-B162-8D5AE69ED447}"
EndProject
Project("{2150E333-8FDC-42A3-9474-1A3956D46DE8}") = "@local", "@local", "{FE1B3C08-90C0-4026-A00B-EDCCB1E16D1D}"
EndProject
Project("{FAE04EC0-301F-11D3-BF4B-00C04F79EFBC}") = "UKHO.ADDS.EFS.Orchestrator", "src\UKHO.ADDS.EFS.Orchestrator\UKHO.ADDS.EFS.Orchestrator.csproj", "{DF07C7FB-7A1D-4252-A985-279CE521A604}"
EndProject
Project("{2150E333-8FDC-42A3-9474-1A3956D46DE8}") = "@builder-containers", "@builder-containers", "{28CCD968-0171-429E-A2AA-0ECCA9B1CB81}"
EndProject
Project("{2150E333-8FDC-42A3-9474-1A3956D46DE8}") = "@build", "@build", "{8D6AAC93-7538-4E8A-85F2-6301A05AFB6D}"
	ProjectSection(SolutionItems) = preProject
		src\Directory.Build.props = src\Directory.Build.props
	EndProjectSection
EndProject
Project("{FAE04EC0-301F-11D3-BF4B-00C04F79EFBC}") = "UKHO.ADDS.EFS.Builder.S100", "src\UKHO.ADDS.EFS.Builder.S100\UKHO.ADDS.EFS.Builder.S100.csproj", "{3B3D8EFA-3B64-48DD-8EBD-70F9F91B7AF1}"
EndProject
Project("{2150E333-8FDC-42A3-9474-1A3956D46DE8}") = "@domain", "@domain", "{6264E1B0-3C74-4455-A8EE-7CFF445F37BA}"
EndProject
Project("{FAE04EC0-301F-11D3-BF4B-00C04F79EFBC}") = "UKHO.ADDS.EFS.Domain", "src\UKHO.ADDS.EFS.Domain\UKHO.ADDS.EFS.Domain.csproj", "{E7EA95C6-66B2-4397-806C-8C481AECCFA8}"
EndProject
Project("{FAE04EC0-301F-11D3-BF4B-00C04F79EFBC}") = "UKHO.ADDS.EFS.Aspire", "src\UKHO.ADDS.EFS.Aspire\UKHO.ADDS.EFS.Aspire.csproj", "{0901A018-54E7-4E52-B5FF-36F1B249ABDD}"
EndProject
Global
	GlobalSection(SolutionConfigurationPlatforms) = preSolution
		Debug|Any CPU = Debug|Any CPU
		Release|Any CPU = Release|Any CPU
	EndGlobalSection
	GlobalSection(ProjectConfigurationPlatforms) = postSolution
		{5F7BC0C4-07DC-4587-8535-F44AF7D8F6DB}.Debug|Any CPU.ActiveCfg = Debug|Any CPU
		{5F7BC0C4-07DC-4587-8535-F44AF7D8F6DB}.Debug|Any CPU.Build.0 = Debug|Any CPU
		{5F7BC0C4-07DC-4587-8535-F44AF7D8F6DB}.Release|Any CPU.ActiveCfg = Release|Any CPU
		{5F7BC0C4-07DC-4587-8535-F44AF7D8F6DB}.Release|Any CPU.Build.0 = Release|Any CPU
		{5CDB6975-17E1-44B0-B162-8D5AE69ED447}.Debug|Any CPU.ActiveCfg = Debug|Any CPU
		{5CDB6975-17E1-44B0-B162-8D5AE69ED447}.Debug|Any CPU.Build.0 = Debug|Any CPU
		{5CDB6975-17E1-44B0-B162-8D5AE69ED447}.Release|Any CPU.ActiveCfg = Release|Any CPU
		{5CDB6975-17E1-44B0-B162-8D5AE69ED447}.Release|Any CPU.Build.0 = Release|Any CPU
		{DF07C7FB-7A1D-4252-A985-279CE521A604}.Debug|Any CPU.ActiveCfg = Debug|Any CPU
		{DF07C7FB-7A1D-4252-A985-279CE521A604}.Debug|Any CPU.Build.0 = Debug|Any CPU
		{DF07C7FB-7A1D-4252-A985-279CE521A604}.Release|Any CPU.ActiveCfg = Release|Any CPU
		{DF07C7FB-7A1D-4252-A985-279CE521A604}.Release|Any CPU.Build.0 = Release|Any CPU
		{3B3D8EFA-3B64-48DD-8EBD-70F9F91B7AF1}.Debug|Any CPU.ActiveCfg = Debug|Any CPU
		{3B3D8EFA-3B64-48DD-8EBD-70F9F91B7AF1}.Debug|Any CPU.Build.0 = Debug|Any CPU
		{3B3D8EFA-3B64-48DD-8EBD-70F9F91B7AF1}.Release|Any CPU.ActiveCfg = Release|Any CPU
		{3B3D8EFA-3B64-48DD-8EBD-70F9F91B7AF1}.Release|Any CPU.Build.0 = Release|Any CPU
		{E7EA95C6-66B2-4397-806C-8C481AECCFA8}.Debug|Any CPU.ActiveCfg = Debug|Any CPU
		{E7EA95C6-66B2-4397-806C-8C481AECCFA8}.Debug|Any CPU.Build.0 = Debug|Any CPU
		{E7EA95C6-66B2-4397-806C-8C481AECCFA8}.Release|Any CPU.ActiveCfg = Release|Any CPU
		{E7EA95C6-66B2-4397-806C-8C481AECCFA8}.Release|Any CPU.Build.0 = Release|Any CPU
		{0901A018-54E7-4E52-B5FF-36F1B249ABDD}.Debug|Any CPU.ActiveCfg = Debug|Any CPU
		{0901A018-54E7-4E52-B5FF-36F1B249ABDD}.Debug|Any CPU.Build.0 = Debug|Any CPU
		{0901A018-54E7-4E52-B5FF-36F1B249ABDD}.Release|Any CPU.ActiveCfg = Release|Any CPU
		{0901A018-54E7-4E52-B5FF-36F1B249ABDD}.Release|Any CPU.Build.0 = Release|Any CPU
	EndGlobalSection
	GlobalSection(SolutionProperties) = preSolution
		HideSolutionNode = FALSE
	EndGlobalSection
	GlobalSection(NestedProjects) = preSolution
		{5F7BC0C4-07DC-4587-8535-F44AF7D8F6DB} = {B1B5085C-0DFC-41B3-BD97-FBA5AC6CDD9C}
		{5CDB6975-17E1-44B0-B162-8D5AE69ED447} = {FE1B3C08-90C0-4026-A00B-EDCCB1E16D1D}
		{3B3D8EFA-3B64-48DD-8EBD-70F9F91B7AF1} = {28CCD968-0171-429E-A2AA-0ECCA9B1CB81}
		{E7EA95C6-66B2-4397-806C-8C481AECCFA8} = {6264E1B0-3C74-4455-A8EE-7CFF445F37BA}
		{0901A018-54E7-4E52-B5FF-36F1B249ABDD} = {FE1B3C08-90C0-4026-A00B-EDCCB1E16D1D}
	EndGlobalSection
EndGlobal
